
Microsoft Visual Studio Solution File, Format Version 12.00
# Visual Studio Version 17
VisualStudioVersion = 17.7.34202.233
MinimumVisualStudioVersion = 10.0.40219.1
Project("{FAE04EC0-301F-11D3-BF4B-00C04F79EFBC}") = "TableWPF", "TableWPF\TableWPF.csproj", "{844CCBC4-7BE5-48C7-B241-F515DA07048D}"
EndProject
Global
	GlobalSection(SolutionConfigurationPlatforms) = preSolution
		Debug|Any CPU = Debug|Any CPU
		Release|Any CPU = Release|Any CPU
	EndGlobalSection
	GlobalSection(ProjectConfigurationPlatforms) = postSolution
		{844CCBC4-7BE5-48C7-B241-F515DA07048D}.Debug|Any CPU.ActiveCfg = Debug|Any CPU
		{844CCBC4-7BE5-48C7-B241-F515DA07048D}.Debug|Any CPU.Build.0 = Debug|Any CPU
		{844CCBC4-7BE5-48C7-B241-F515DA07048D}.Release|Any CPU.ActiveCfg = Release|Any CPU
		{844CCBC4-7BE5-48C7-B241-F515DA07048D}.Release|Any CPU.Build.0 = Release|Any CPU
	EndGlobalSection
	GlobalSection(SolutionProperties) = preSolution
		HideSolutionNode = FALSE
	EndGlobalSection
	GlobalSection(ExtensibilityGlobals) = postSolution
		SolutionGuid = {6E394F26-70E6-4484-9F2F-EA0EA2829FA3}
	EndGlobalSection
EndGlobal
